PODS:
  - Alamofire (3.1.1)
  - AlamofireImage (2.1.0):
    - Alamofire (~> 3.1)
  - SwiftyJSON (2.3.1)

DEPENDENCIES:
  - Alamofire
  - AlamofireImage (~> 2.1)
  - SwiftyJSON (~> 2.3)

SPEC CHECKSUMS:
  Alamofire: 9b0a7188b961a03914a99304488bd226b0e46c0e
  AlamofireImage: 97e00995920d85b5cb23ee4c3b7f92605f5dc74b
  SwiftyJSON: 592b53bee5ef3dd9b3bebc6b9cb7ee35426ae8c3

COCOAPODS: 0.39.0
